
Microsoft Visual Studio Solution File, Format Version 12.00
# Visual Studio Version 17
VisualStudioVersion = 17.0.31903.59
MinimumVisualStudioVersion = 10.0.40219.1
Project("{2150E333-8FDC-42A3-9474-1A3956D46DE8}") = "src", "src", "{DA436575-804F-47FF-8BFC-540A870617C2}"
EndProject
Project("{FAE04EC0-301F-11D3-BF4B-00C04F79EFBC}") = "ArchSoft.CustomExceptions", "src\ArchSoft.CustomExceptions\ArchSoft.CustomExceptions.csproj", "{FE4CBE91-301F-4C09-B440-283D457A1CD5}"
EndProject
Project("{2150E333-8FDC-42A3-9474-1A3956D46DE8}") = "test", "test", "{30D96D63-C46E-47D4-A4FD-5B6EE49F18ED}"
EndProject
Project("{FAE04EC0-301F-11D3-BF4B-00C04F79EFBC}") = "ArchSoft.CustomExceptions.UnitTest", "test\ArchSoft.CustomExceptions.UnitTest\ArchSoft.CustomExceptions.UnitTest.csproj", "{1D002E6C-248B-4C29-8496-2B9A08D61D75}"
EndProject
Global
	GlobalSection(SolutionConfigurationPlatforms) = preSolution
		Debug|Any CPU = Debug|Any CPU
		Release|Any CPU = Release|Any CPU
	EndGlobalSection
	GlobalSection(SolutionProperties) = preSolution
		HideSolutionNode = FALSE
	EndGlobalSection
	GlobalSection(ProjectConfigurationPlatforms) = postSolution
		{FE4CBE91-301F-4C09-B440-283D457A1CD5}.Debug|Any CPU.ActiveCfg = Debug|Any CPU
		{FE4CBE91-301F-4C09-B440-283D457A1CD5}.Debug|Any CPU.Build.0 = Debug|Any CPU
		{FE4CBE91-301F-4C09-B440-283D457A1CD5}.Release|Any CPU.ActiveCfg = Release|Any CPU
		{FE4CBE91-301F-4C09-B440-283D457A1CD5}.Release|Any CPU.Build.0 = Release|Any CPU
		{1D002E6C-248B-4C29-8496-2B9A08D61D75}.Debug|Any CPU.ActiveCfg = Debug|Any CPU
		{1D002E6C-248B-4C29-8496-2B9A08D61D75}.Debug|Any CPU.Build.0 = Debug|Any CPU
		{1D002E6C-248B-4C29-8496-2B9A08D61D75}.Release|Any CPU.ActiveCfg = Release|Any CPU
		{1D002E6C-248B-4C29-8496-2B9A08D61D75}.Release|Any CPU.Build.0 = Release|Any CPU
	EndGlobalSection
	GlobalSection(NestedProjects) = preSolution
		{FE4CBE91-301F-4C09-B440-283D457A1CD5} = {DA436575-804F-47FF-8BFC-540A870617C2}
		{1D002E6C-248B-4C29-8496-2B9A08D61D75} = {30D96D63-C46E-47D4-A4FD-5B6EE49F18ED}
	EndGlobalSection
EndGlobal
